
Microsoft Visual Studio Solution File, Format Version 12.00
# Visual Studio Version 17
VisualStudioVersion = 17.3.32929.385
MinimumVisualStudioVersion = 10.0.40219.1
Project("{FAE04EC0-301F-11D3-BF4B-00C04F79EFBC}") = "deneme2", "deneme2\deneme2.csproj", "{459520BF-31F2-4405-87FD-C374B1DAAD2D}"
EndProject
Global
	GlobalSection(SolutionConfigurationPlatforms) = preSolution
		Debug|Any CPU = Debug|Any CPU
		Release|Any CPU = Release|Any CPU
	EndGlobalSection
	GlobalSection(ProjectConfigurationPlatforms) = postSolution
		{459520BF-31F2-4405-87FD-C374B1DAAD2D}.Debug|Any CPU.ActiveCfg = Debug|Any CPU
		{459520BF-31F2-4405-87FD-C374B1DAAD2D}.Debug|Any CPU.Build.0 = Debug|Any CPU
		{459520BF-31F2-4405-87FD-C374B1DAAD2D}.Release|Any CPU.ActiveCfg = Release|Any CPU
		{459520BF-31F2-4405-87FD-C374B1DAAD2D}.Release|Any CPU.Build.0 = Release|Any CPU
	EndGlobalSection
	GlobalSection(SolutionProperties) = preSolution
		HideSolutionNode = FALSE
	EndGlobalSection
	GlobalSection(ExtensibilityGlobals) = postSolution
		SolutionGuid = {0D0022A1-09F4-447B-AA6D-AD53A711826F}
	EndGlobalSection
EndGlobal
